
Microsoft Visual Studio Solution File, Format Version 12.00
# Visual Studio Version 17
VisualStudioVersion = 17.14.36429.23 d17.14
MinimumVisualStudioVersion = 10.0.40219.1
Project("{FAE04EC0-301F-11D3-BF4B-00C04F79EFBC}") = "Pratele", "Pratele\Pratele.csproj", "{3357DED7-B281-4BD2-9C43-77BA03F86061}"
EndProject
Global
	GlobalSection(SolutionConfigurationPlatforms) = preSolution
		Debug|Any CPU = Debug|Any CPU
		Release|Any CPU = Release|Any CPU
	EndGlobalSection
	GlobalSection(ProjectConfigurationPlatforms) = postSolution
		{3357DED7-B281-4BD2-9C43-77BA03F86061}.Debug|Any CPU.ActiveCfg = Debug|Any CPU
		{3357DED7-B281-4BD2-9C43-77BA03F86061}.Debug|Any CPU.Build.0 = Debug|Any CPU
		{3357DED7-B281-4BD2-9C43-77BA03F86061}.Release|Any CPU.ActiveCfg = Release|Any CPU
		{3357DED7-B281-4BD2-9C43-77BA03F86061}.Release|Any CPU.Build.0 = Release|Any CPU
	EndGlobalSection
	GlobalSection(SolutionProperties) = preSolution
		HideSolutionNode = FALSE
	EndGlobalSection
	GlobalSection(ExtensibilityGlobals) = postSolution
		SolutionGuid = {2CC2EC1F-51E8-435C-986D-CFA46FBE6B89}
	EndGlobalSection
EndGlobal
